
Microsoft Visual Studio Solution File, Format Version 12.00
# Visual Studio Version 16
VisualStudioVersion = 16.0.29709.97
MinimumVisualStudioVersion = 10.0.40219.1
Project("{FAE04EC0-301F-11D3-BF4B-00C04F79EFBC}") = "vpatch", "vpatch.csproj", "{2F4EA9AE-21DF-4453-9140-7997D47D6B65}"
EndProject
Global
	GlobalSection(SolutionConfigurationPlatforms) = preSolution
		Debug|Any CPU = Debug|Any CPU
		Release|Any CPU = Release|Any CPU
	EndGlobalSection
	GlobalSection(ProjectConfigurationPlatforms) = postSolution
		{2F4EA9AE-21DF-4453-9140-7997D47D6B65}.Debug|Any CPU.ActiveCfg = Debug|Any CPU
		{2F4EA9AE-21DF-4453-9140-7997D47D6B65}.Debug|Any CPU.Build.0 = Debug|Any CPU
		{2F4EA9AE-21DF-4453-9140-7997D47D6B65}.Release|Any CPU.ActiveCfg = Release|Any CPU
		{2F4EA9AE-21DF-4453-9140-7997D47D6B65}.Release|Any CPU.Build.0 = Release|Any CPU
	EndGlobalSection
	GlobalSection(SolutionProperties) = preSolution
		HideSolutionNode = FALSE
	EndGlobalSection
	GlobalSection(ExtensibilityGlobals) = postSolution
		SolutionGuid = {9364EDC8-7BC3-468F-8E3D-51EA2218C1E7}
	EndGlobalSection
EndGlobal
